Microsoft Visual Studio Solution File, Format Version 12.00
# Visual Studio Version 17
VisualStudioVersion = 17.7.34031.279
MinimumVisualStudioVersion = 10.0.40219.1
Project("{9A19103F-16F7-4668-BE54-9A1E7A4F7556}") = "RclShared", "RclShared\RclShared.csproj", "{ACA69D77-ADE3-4B58-AE5C-09450F13E61D}"
EndProject
Project("{9A19103F-16F7-4668-BE54-9A1E7A4F7556}") = "RclOrdering", "RclOrdering\RclOrdering.csproj", "{5A7CC69D-D06F-404E-818C-E86851FBA082}"
EndProject
Project("{9A19103F-16F7-4668-BE54-9A1E7A4F7556}") = "RclProducts", "RclProducts\RclProducts.csproj", "{30E4211B-18D7-410F-9E74-FA2001FF284B}"
EndProject
Project("{9A19103F-16F7-4668-BE54-9A1E7A4F7556}") = "BlazorPizza", "BlazorPizza\BlazorPizza.csproj", "{38588ED2-5044-49BA-845C-651BFE9B8A51}"
EndProject
Project("{FAE04EC0-301F-11D3-BF4B-00C04F79EFBC}") = "MauiBlazorPizza", "MauiBlazorPizza\MauiBlazorPizza.csproj", "{A7853412-D9FA-4544-A945-DFE76653E260}"
EndProject
Global
	GlobalSection(SolutionConfigurationPlatforms) = preSolution
		Debug|Any CPU = Debug|Any CPU
		Release|Any CPU = Release|Any CPU
	EndGlobalSection
	GlobalSection(ProjectConfigurationPlatforms) = postSolution
		{ACA69D77-ADE3-4B58-AE5C-09450F13E61D}.Debug|Any CPU.ActiveCfg = Debug|Any CPU
		{ACA69D77-ADE3-4B58-AE5C-09450F13E61D}.Debug|Any CPU.Build.0 = Debug|Any CPU
		{ACA69D77-ADE3-4B58-AE5C-09450F13E61D}.Release|Any CPU.ActiveCfg = Release|Any CPU
		{ACA69D77-ADE3-4B58-AE5C-09450F13E61D}.Release|Any CPU.Build.0 = Release|Any CPU
		{5A7CC69D-D06F-404E-818C-E86851FBA082}.Debug|Any CPU.ActiveCfg = Debug|Any CPU
		{5A7CC69D-D06F-404E-818C-E86851FBA082}.Debug|Any CPU.Build.0 = Debug|Any CPU
		{5A7CC69D-D06F-404E-818C-E86851FBA082}.Release|Any CPU.ActiveCfg = Release|Any CPU
		{5A7CC69D-D06F-404E-818C-E86851FBA082}.Release|Any CPU.Build.0 = Release|Any CPU
		{30E4211B-18D7-410F-9E74-FA2001FF284B}.Debug|Any CPU.ActiveCfg = Debug|Any CPU
		{30E4211B-18D7-410F-9E74-FA2001FF284B}.Debug|Any CPU.Build.0 = Debug|Any CPU
		{30E4211B-18D7-410F-9E74-FA2001FF284B}.Release|Any CPU.ActiveCfg = Release|Any CPU
		{30E4211B-18D7-410F-9E74-FA2001FF284B}.Release|Any CPU.Build.0 = Release|Any CPU
		{38588ED2-5044-49BA-845C-651BFE9B8A51}.Debug|Any CPU.ActiveCfg = Debug|Any CPU
		{38588ED2-5044-49BA-845C-651BFE9B8A51}.Debug|Any CPU.Build.0 = Debug|Any CPU
		{38588ED2-5044-49BA-845C-651BFE9B8A51}.Release|Any CPU.ActiveCfg = Release|Any CPU
		{38588ED2-5044-49BA-845C-651BFE9B8A51}.Release|Any CPU.Build.0 = Release|Any CPU
		{A7853412-D9FA-4544-A945-DFE76653E260}.Debug|Any CPU.ActiveCfg = Debug|Any CPU
		{A7853412-D9FA-4544-A945-DFE76653E260}.Debug|Any CPU.Build.0 = Debug|Any CPU
		{A7853412-D9FA-4544-A945-DFE76653E260}.Debug|Any CPU.Deploy.0 = Debug|Any CPU
		{A7853412-D9FA-4544-A945-DFE76653E260}.Release|Any CPU.ActiveCfg = Release|Any CPU
		{A7853412-D9FA-4544-A945-DFE76653E260}.Release|Any CPU.Build.0 = Release|Any CPU
		{A7853412-D9FA-4544-A945-DFE76653E260}.Release|Any CPU.Deploy.0 = Release|Any CPU
	EndGlobalSection
	GlobalSection(SolutionProperties) = preSolution
		HideSolutionNode = FALSE
	EndGlobalSection
	GlobalSection(ExtensibilityGlobals) = postSolution
		SolutionGuid = {C4296AF0-6547-4BEF-9AFF-E6D7D011AD83}
	EndGlobalSection
EndGlobal
